
Microsoft Visual Studio Solution File, Format Version 12.00
# Visual Studio 14
VisualStudioVersion = 14.0.25420.1
MinimumVisualStudioVersion = 10.0.40219.1
Project("{FAE04EC0-301F-11D3-BF4B-00C04F79EFBC}") = "HomePage", "Shop Management\HomePage.csproj", "{75B35426-B537-4660-B9B4-89455BEE60C9}"
EndProject
Project("{FAE04EC0-301F-11D3-BF4B-00C04F79EFBC}") = "Employee", "Employee_Form\Employee.csproj", "{AA11E6EC-0089-4155-B772-B0AEB36E1D1E}"
EndProject
Project("{FAE04EC0-301F-11D3-BF4B-00C04F79EFBC}") = "Admin", "Admin\Admin.csproj", "{9D9F59E1-7D95-471E-BC29-38C57815AD23}"
EndProject
Project("{FAE04EC0-301F-11D3-BF4B-00C04F79EFBC}") = "Person", "Person\Person.csproj", "{FEBB2704-6057-41CB-A250-680A17B86184}"
EndProject
Project("{FAE04EC0-301F-11D3-BF4B-00C04F79EFBC}") = "Database", "Database\Database.csproj", "{05F78279-8481-445E-BEF3-9A3B60AED5C7}"
EndProject
Project("{FAE04EC0-301F-11D3-BF4B-00C04F79EFBC}") = "Login", "login_form\Login.csproj", "{132090BA-8660-4BA2-959B-C1801D2F8252}"
EndProject
Project("{FAE04EC0-301F-11D3-BF4B-00C04F79EFBC}") = "Product", "Product\Product.csproj", "{34FEDB81-E69B-4EB3-A5F6-A39D04CC46A7}"
EndProject
Project("{FAE04EC0-301F-11D3-BF4B-00C04F79EFBC}") = "Customer", "Customer\Customer.csproj", "{4AFAD89F-092D-4F38-8D16-7CF4ACB82E48}"
EndProject
Project("{FAE04EC0-301F-11D3-BF4B-00C04F79EFBC}") = "Order", "Order\Order.csproj", "{A401CF9F-799C-43EB-BE58-95D4BB8BB870}"
EndProject
Project("{FAE04EC0-301F-11D3-BF4B-00C04F79EFBC}") = "Profile", "Profile\Profile.csproj", "{EE21A0F9-AC60-4B98-AC3E-AEE79A4689C2}"
EndProject
Project("{FAE04EC0-301F-11D3-BF4B-00C04F79EFBC}") = "Server", "Server\Server.csproj", "{99982098-4F96-47C9-93C9-8777A6B08C89}"
EndProject
Global
	GlobalSection(SolutionConfigurationPlatforms) = preSolution
		Debug|Any CPU = Debug|Any CPU
		Debug|x86 = Debug|x86
		Release|Any CPU = Release|Any CPU
		Release|x86 = Release|x86
	EndGlobalSection
	GlobalSection(ProjectConfigurationPlatforms) = postSolution
		{75B35426-B537-4660-B9B4-89455BEE60C9}.Debug|Any CPU.ActiveCfg = Debug|Any CPU
		{75B35426-B537-4660-B9B4-89455BEE60C9}.Debug|Any CPU.Build.0 = Debug|Any CPU
		{75B35426-B537-4660-B9B4-89455BEE60C9}.Debug|x86.ActiveCfg = Debug|Any CPU
		{75B35426-B537-4660-B9B4-89455BEE60C9}.Debug|x86.Build.0 = Debug|Any CPU
		{75B35426-B537-4660-B9B4-89455BEE60C9}.Release|Any CPU.ActiveCfg = Release|Any CPU
		{75B35426-B537-4660-B9B4-89455BEE60C9}.Release|Any CPU.Build.0 = Release|Any CPU
		{75B35426-B537-4660-B9B4-89455BEE60C9}.Release|x86.ActiveCfg = Release|Any CPU
		{75B35426-B537-4660-B9B4-89455BEE60C9}.Release|x86.Build.0 = Release|Any CPU
		{AA11E6EC-0089-4155-B772-B0AEB36E1D1E}.Debug|Any CPU.ActiveCfg = Debug|Any CPU
		{AA11E6EC-0089-4155-B772-B0AEB36E1D1E}.Debug|Any CPU.Build.0 = Debug|Any CPU
		{AA11E6EC-0089-4155-B772-B0AEB36E1D1E}.Debug|x86.ActiveCfg = Debug|Any CPU
		{AA11E6EC-0089-4155-B772-B0AEB36E1D1E}.Debug|x86.Build.0 = Debug|Any CPU
		{AA11E6EC-0089-4155-B772-B0AEB36E1D1E}.Release|Any CPU.ActiveCfg = Release|Any CPU
		{AA11E6EC-0089-4155-B772-B0AEB36E1D1E}.Release|Any CPU.Build.0 = Release|Any CPU
		{AA11E6EC-0089-4155-B772-B0AEB36E1D1E}.Release|x86.ActiveCfg = Release|Any CPU
		{AA11E6EC-0089-4155-B772-B0AEB36E1D1E}.Release|x86.Build.0 = Release|Any CPU
		{9D9F59E1-7D95-471E-BC29-38C57815AD23}.Debug|Any CPU.ActiveCfg = Debug|Any CPU
		{9D9F59E1-7D95-471E-BC29-38C57815AD23}.Debug|Any CPU.Build.0 = Debug|Any CPU
		{9D9F59E1-7D95-471E-BC29-38C57815AD23}.Debug|x86.ActiveCfg = Debug|Any CPU
		{9D9F59E1-7D95-471E-BC29-38C57815AD23}.Debug|x86.Build.0 = Debug|Any CPU
		{9D9F59E1-7D95-471E-BC29-38C57815AD23}.Release|Any CPU.ActiveCfg = Release|Any CPU
		{9D9F59E1-7D95-471E-BC29-38C57815AD23}.Release|Any CPU.Build.0 = Release|Any CPU
		{9D9F59E1-7D95-471E-BC29-38C57815AD23}.Release|x86.ActiveCfg = Release|Any CPU
		{9D9F59E1-7D95-471E-BC29-38C57815AD23}.Release|x86.Build.0 = Release|Any CPU
		{FEBB2704-6057-41CB-A250-680A17B86184}.Debug|Any CPU.ActiveCfg = Debug|Any CPU
		{FEBB2704-6057-41CB-A250-680A17B86184}.Debug|Any CPU.Build.0 = Debug|Any CPU
		{FEBB2704-6057-41CB-A250-680A17B86184}.Debug|x86.ActiveCfg = Debug|Any CPU
		{FEBB2704-6057-41CB-A250-680A17B86184}.Debug|x86.Build.0 = Debug|Any CPU
		{FEBB2704-6057-41CB-A250-680A17B86184}.Release|Any CPU.ActiveCfg = Release|Any CPU
		{FEBB2704-6057-41CB-A250-680A17B86184}.Release|Any CPU.Build.0 = Release|Any CPU
		{FEBB2704-6057-41CB-A250-680A17B86184}.Release|x86.ActiveCfg = Release|Any CPU
		{FEBB2704-6057-41CB-A250-680A17B86184}.Release|x86.Build.0 = Release|Any CPU
		{05F78279-8481-445E-BEF3-9A3B60AED5C7}.Debug|Any CPU.ActiveCfg = Debug|Any CPU
		{05F78279-8481-445E-BEF3-9A3B60AED5C7}.Debug|Any CPU.Build.0 = Debug|Any CPU
		{05F78279-8481-445E-BEF3-9A3B60AED5C7}.Debug|x86.ActiveCfg = Debug|Any CPU
		{05F78279-8481-445E-BEF3-9A3B60AED5C7}.Debug|x86.Build.0 = Debug|Any CPU
		{05F78279-8481-445E-BEF3-9A3B60AED5C7}.Release|Any CPU.ActiveCfg = Release|Any CPU
		{05F78279-8481-445E-BEF3-9A3B60AED5C7}.Release|Any CPU.Build.0 = Release|Any CPU
		{05F78279-8481-445E-BEF3-9A3B60AED5C7}.Release|x86.ActiveCfg = Release|Any CPU
		{05F78279-8481-445E-BEF3-9A3B60AED5C7}.Release|x86.Build.0 = Release|Any CPU
		{132090BA-8660-4BA2-959B-C1801D2F8252}.Debug|Any CPU.ActiveCfg = Debug|Any CPU
		{132090BA-8660-4BA2-959B-C1801D2F8252}.Debug|Any CPU.Build.0 = Debug|Any CPU
		{132090BA-8660-4BA2-959B-C1801D2F8252}.Debug|x86.ActiveCfg = Debug|Any CPU
		{132090BA-8660-4BA2-959B-C1801D2F8252}.Debug|x86.Build.0 = Debug|Any CPU
		{132090BA-8660-4BA2-959B-C1801D2F8252}.Release|Any CPU.ActiveCfg = Release|Any CPU
		{132090BA-8660-4BA2-959B-C1801D2F8252}.Release|Any CPU.Build.0 = Release|Any CPU
		{132090BA-8660-4BA2-959B-C1801D2F8252}.Release|x86.ActiveCfg = Release|Any CPU
		{132090BA-8660-4BA2-959B-C1801D2F8252}.Release|x86.Build.0 = Release|Any CPU
		{34FEDB81-E69B-4EB3-A5F6-A39D04CC46A7}.Debug|Any CPU.ActiveCfg = Debug|Any CPU
		{34FEDB81-E69B-4EB3-A5F6-A39D04CC46A7}.Debug|Any CPU.Build.0 = Debug|Any CPU
		{34FEDB81-E69B-4EB3-A5F6-A39D04CC46A7}.Debug|x86.ActiveCfg = Debug|Any CPU
		{34FEDB81-E69B-4EB3-A5F6-A39D04CC46A7}.Debug|x86.Build.0 = Debug|Any CPU
		{34FEDB81-E69B-4EB3-A5F6-A39D04CC46A7}.Release|Any CPU.ActiveCfg = Release|Any CPU
		{34FEDB81-E69B-4EB3-A5F6-A39D04CC46A7}.Release|Any CPU.Build.0 = Release|Any CPU
		{34FEDB81-E69B-4EB3-A5F6-A39D04CC46A7}.Release|x86.ActiveCfg = Release|Any CPU
		{34FEDB81-E69B-4EB3-A5F6-A39D04CC46A7}.Release|x86.Build.0 = Release|Any CPU
		{4AFAD89F-092D-4F38-8D16-7CF4ACB82E48}.Debug|Any CPU.ActiveCfg = Debug|Any CPU
		{4AFAD89F-092D-4F38-8D16-7CF4ACB82E48}.Debug|Any CPU.Build.0 = Debug|Any CPU
		{4AFAD89F-092D-4F38-8D16-7CF4ACB82E48}.Debug|x86.ActiveCfg = Debug|Any CPU
		{4AFAD89F-092D-4F38-8D16-7CF4ACB82E48}.Debug|x86.Build.0 = Debug|Any CPU
		{4AFAD89F-092D-4F38-8D16-7CF4ACB82E48}.Release|Any CPU.ActiveCfg = Release|Any CPU
		{4AFAD89F-092D-4F38-8D16-7CF4ACB82E48}.Release|Any CPU.Build.0 = Release|Any CPU
		{4AFAD89F-092D-4F38-8D16-7CF4ACB82E48}.Release|x86.ActiveCfg = Release|Any CPU
		{4AFAD89F-092D-4F38-8D16-7CF4ACB82E48}.Release|x86.Build.0 = Release|Any CPU
		{A401CF9F-799C-43EB-BE58-95D4BB8BB870}.Debug|Any CPU.ActiveCfg = Debug|Any CPU
		{A401CF9F-799C-43EB-BE58-95D4BB8BB870}.Debug|Any CPU.Build.0 = Debug|Any CPU
		{A401CF9F-799C-43EB-BE58-95D4BB8BB870}.Debug|x86.ActiveCfg = Debug|Any CPU
		{A401CF9F-799C-43EB-BE58-95D4BB8BB870}.Debug|x86.Build.0 = Debug|Any CPU
		{A401CF9F-799C-43EB-BE58-95D4BB8BB870}.Release|Any CPU.ActiveCfg = Release|Any CPU
		{A401CF9F-799C-43EB-BE58-95D4BB8BB870}.Release|Any CPU.Build.0 = Release|Any CPU
		{A401CF9F-799C-43EB-BE58-95D4BB8BB870}.Release|x86.ActiveCfg = Release|Any CPU
		{A401CF9F-799C-43EB-BE58-95D4BB8BB870}.Release|x86.Build.0 = Release|Any CPU
		{EE21A0F9-AC60-4B98-AC3E-AEE79A4689C2}.Debug|Any CPU.ActiveCfg = Debug|Any CPU
		{EE21A0F9-AC60-4B98-AC3E-AEE79A4689C2}.Debug|Any CPU.Build.0 = Debug|Any CPU
		{EE21A0F9-AC60-4B98-AC3E-AEE79A4689C2}.Debug|x86.ActiveCfg = Debug|Any CPU
		{EE21A0F9-AC60-4B98-AC3E-AEE79A4689C2}.Debug|x86.Build.0 = Debug|Any CPU
		{EE21A0F9-AC60-4B98-AC3E-AEE79A4689C2}.Release|Any CPU.ActiveCfg = Release|Any CPU
		{EE21A0F9-AC60-4B98-AC3E-AEE79A4689C2}.Release|Any CPU.Build.0 = Release|Any CPU
		{EE21A0F9-AC60-4B98-AC3E-AEE79A4689C2}.Release|x86.ActiveCfg = Release|Any CPU
		{EE21A0F9-AC60-4B98-AC3E-AEE79A4689C2}.Release|x86.Build.0 = Release|Any CPU
		{99982098-4F96-47C9-93C9-8777A6B08C89}.Debug|Any CPU.ActiveCfg = Debug|Any CPU
		{99982098-4F96-47C9-93C9-8777A6B08C89}.Debug|Any CPU.Build.0 = Debug|Any CPU
		{99982098-4F96-47C9-93C9-8777A6B08C89}.Debug|x86.ActiveCfg = Debug|Any CPU
		{99982098-4F96-47C9-93C9-8777A6B08C89}.Debug|x86.Build.0 = Debug|Any CPU
		{99982098-4F96-47C9-93C9-8777A6B08C89}.Release|Any CPU.ActiveCfg = Release|Any CPU
		{99982098-4F96-47C9-93C9-8777A6B08C89}.Release|Any CPU.Build.0 = Release|Any CPU
		{99982098-4F96-47C9-93C9-8777A6B08C89}.Release|x86.ActiveCfg = Release|Any CPU
		{99982098-4F96-47C9-93C9-8777A6B08C89}.Release|x86.Build.0 = Release|Any CPU
	EndGlobalSection
	GlobalSection(SolutionProperties) = preSolution
		HideSolutionNode = FALSE
	EndGlobalSection
EndGlobal
